// !$*UTF8*$!
{
	archiveVersion = 1;
	classes = {
	};
	objectVersion = 55;
	objects = {

/* Begin PBXBuildFile section */
		BA6D93F92799CCD9006C95A1 /* AppDelegate.swift in Sources */ = {isa = PBXBuildFile; fileRef = BA6D93F82799CCD9006C95A1 /* AppDelegate.swift */; };
		BA6D93FB2799CCD9006C95A1 /* SceneDelegate.swift in Sources */ = {isa = PBXBuildFile; fileRef = BA6D93FA2799CCD9006C95A1 /* SceneDelegate.swift */; };
		BA6D93FD2799CCD9006C95A1 /* ViewController.swift in Sources */ = {isa = PBXBuildFile; fileRef = BA6D93FC2799CCD9006C95A1 /* ViewController.swift */; };
		BA6D94002799CCD9006C95A1 /* Main.storyboard in Resources */ = {isa = PBXBuildFile; fileRef = BA6D93FE2799CCD9006C95A1 /* Main.storyboard */; };
		BA6D94022799CCDA006C95A1 /* Assets.xcassets in Resources */ = {isa = PBXBuildFile; fileRef = BA6D94012799CCDA006C95A1 /* Assets.xcassets */; };
		BA6D94052799CCDA006C95A1 /* LaunchScreen.storyboard in Resources */ = {isa = PBXBuildFile; fileRef = BA6D94032799CCDA006C95A1 /* LaunchScreen.storyboard */; };
		BA6D94102799CCDA006C95A1 /* WelcomeAppTests.swift in Sources */ = {isa = PBXBuildFile; fileRef = BA6D940F2799CCDA006C95A1 /* WelcomeAppTests.swift */; };
		BA6D941A2799CCDA006C95A1 /* WelcomeAppUITests.swift in Sources */ = {isa = PBXBuildFile; fileRef = BA6D94192799CCDA006C95A1 /* WelcomeAppUITests.swift */; };
		BA6D941C2799CCDA006C95A1 /* WelcomeAppUITestsLaunchTests.swift in Sources */ = {isa = PBXBuildFile; fileRef = BA6D941B2799CCDA006C95A1 /* WelcomeAppUITestsLaunchTests.swift */; };
/* End PBXBuildFile section */

/* Begin PBXContainerItemProxy section */
		BA6D940C2799CCDA006C95A1 /* PBXContainerItemProxy */ = {
			isa = PBXContainerItemProxy;
			containerPortal = BA6D93ED2799CCD9006C95A1 /* Project object */;
			proxyType = 1;
			remoteGlobalIDString = BA6D93F42799CCD9006C95A1;
			remoteInfo = WelcomeApp;
		};
		BA6D94162799CCDA006C95A1 /* PBXContainerItemProxy */ = {
			isa = PBXContainerItemProxy;
			containerPortal = BA6D93ED2799CCD9006C95A1 /* Project object */;
			proxyType = 1;
			remoteGlobalIDString = BA6D93F42799CCD9006C95A1;
			remoteInfo = WelcomeApp;
		};
/* End PBXContainerItemProxy section */

/* Begin PBXFileReference section */
		BA6D93F52799CCD9006C95A1 /* WelcomeApp.app */ = {isa = PBXFileReference; explicitFileType = wrapper.application; includeInIndex = 0; path = WelcomeApp.app; sourceTree = BUILT_PRODUCTS_DIR; };
		BA6D93F82799CCD9006C95A1 /* AppDelegate.swift */ = {isa = PBXFileReference; lastKnownFileType = sourcecode.swift; path = AppDelegate.swift; sourceTree = "<group>"; };
		BA6D93FA2799CCD9006C95A1 /* SceneDelegate.swift */ = {isa = PBXFileReference; lastKnownFileType = sourcecode.swift; path = SceneDelegate.swift; sourceTree = "<group>"; };
		BA6D93FC2799CCD9006C95A1 /* ViewController.swift */ = {isa = PBXFileReference; lastKnownFileType = sourcecode.swift; path = ViewController.swift; sourceTree = "<group>"; };
		BA6D93FF2799CCD9006C95A1 /* Base */ = {isa = PBXFileReference; lastKnownFileType = file.storyboard; name = Base; path = Base.lproj/Main.storyboard; sourceTree = "<group>"; };
		BA6D94012799CCDA006C95A1 /* Assets.xcassets */ = {isa = PBXFileReference; lastKnownFileType = folder.assetcatalog; path = Assets.xcassets; sourceTree = "<group>"; };
		BA6D94042799CCDA006C95A1 /* Base */ = {isa = PBXFileReference; lastKnownFileType = file.storyboard; name = Base; path = Base.lproj/LaunchScreen.storyboard; sourceTree = "<group>"; };
		BA6D94062799CCDA006C95A1 /* Info.plist */ = {isa = PBXFileReference; lastKnownFileType = text.plist.xml; path = Info.plist; sourceTree = "<group>"; };
		BA6D940B2799CCDA006C95A1 /* WelcomeAppTests.xctest */ = {isa = PBXFileReference; explicitFileType = wrapper.cfbundle; includeInIndex = 0; path = WelcomeAppTests.xctest; sourceTree = BUILT_PRODUCTS_DIR; };
		BA6D940F2799CCDA006C95A1 /* WelcomeAppTests.swift */ = {isa = PBXFileReference; lastKnownFileType = sourcecode.swift; path = WelcomeAppTests.swift; sourceTree = "<group>"; };
		BA6D94152799CCDA006C95A1 /* WelcomeAppUITests.xctest */ = {isa = PBXFileReference; explicitFileType = wrapper.cfbundle; includeInIndex = 0; path = WelcomeAppUITests.xctest; sourceTree = BUILT_PRODUCTS_DIR; };
		BA6D94192799CCDA006C95A1 /* WelcomeAppUITests.swift */ = {isa = PBXFileReference; lastKnownFileType = sourcecode.swift; path = WelcomeAppUITests.swift; sourceTree = "<group>"; };
		BA6D941B2799CCDA006C95A1 /* WelcomeAppUITestsLaunchTests.swift */ = {isa = PBXFileReference; lastKnownFileType = sourcecode.swift; path = WelcomeAppUITestsLaunchTests.swift; sourceTree = "<group>"; };
/* End PBXFileReference section */

/* Begin PBXFrameworksBuildPhase section */
		BA6D93F22799CCD9006C95A1 /* Frameworks */ = {
			isa = PBXFrameworksBuildPhase;
			buildActionMask = 2147483647;
			files = (
			);
			runOnlyForDeploymentPostprocessing = 0;
		};
		BA6D94082799CCDA006C95A1 /* Frameworks */ = {
			isa = PBXFrameworksBuildPhase;
			buildActionMask = 2147483647;
			files = (
			);
			runOnlyForDeploymentPostprocessing = 0;
		};
		BA6D94122799CCDA006C95A1 /* Frameworks */ = {
			isa = PBXFrameworksBuildPhase;
			buildActionMask = 2147483647;
			files = (
			);
			runOnlyForDeploymentPostprocessing = 0;
		};
/* End PBXFrameworksBuildPhase section */

/* Begin PBXGroup section */
		BA6D93EC2799CCD9006C95A1 = {
			isa = PBXGroup;
			children = (
				BA6D93F72799CCD9006C95A1 /* WelcomeApp */,
				BA6D940E2799CCDA006C95A1 /* WelcomeAppTests */,
				BA6D94182799CCDA006C95A1 /* WelcomeAppUITests */,
				BA6D93F62799CCD9006C95A1 /* Products */,
			);
			sourceTree = "<group>";
		};
		BA6D93F62799CCD9006C95A1 /* Products */ = {
			isa = PBXGroup;
			children = (
				BA6D93F52799CCD9006C95A1 /* WelcomeApp.app */,
				BA6D940B2799CCDA006C95A1 /* WelcomeAppTests.xctest */,
				BA6D94152799CCDA006C95A1 /* WelcomeAppUITests.xctest */,
			);
			name = Products;
			sourceTree = "<group>";
		};
		BA6D93F72799CCD9006C95A1 /* WelcomeApp */ = {
			isa = PBXGroup;
			children = (
				BA6D93F82799CCD9006C95A1 /* AppDelegate.swift */,
				BA6D93FA2799CCD9006C95A1 /* SceneDelegate.swift */,
				BA6D93FC2799CCD9006C95A1 /* ViewController.swift */,
				BA6D93FE2799CCD9006C95A1 /* Main.storyboard */,
				BA6D94012799CCDA006C95A1 /* Assets.xcassets */,
				BA6D94032799CCDA006C95A1 /* LaunchScreen.storyboard */,
				BA6D94062799CCDA006C95A1 /* Info.plist */,
			);
			path = WelcomeApp;
			sourceTree = "<group>";
		};
		BA6D940E2799CCDA006C95A1 /* WelcomeAppTests */ = {
			isa = PBXGroup;
			children = (
				BA6D940F2799CCDA006C95A1 /* WelcomeAppTests.swift */,
			);
			path = WelcomeAppTests;
			sourceTree = "<group>";
		};
		BA6D94182799CCDA006C95A1 /* WelcomeAppUITests */ = {
			isa = PBXGroup;
			children = (
				BA6D94192799CCDA006C95A1 /* WelcomeAppUITests.swift */,
				BA6D941B2799CCDA006C95A1 /* WelcomeAppUITestsLaunchTests.swift */,
			);
			path = WelcomeAppUITests;
			sourceTree = "<group>";
		};
/* End PBXGroup section */

/* Begin PBXNativeTarget section */
		BA6D93F42799CCD9006C95A1 /* WelcomeApp */ = {
			isa = PBXNativeTarget;
			buildConfigurationList = BA6D941F2799CCDB006C95A1 /* Build configuration list for PBXNativeTarget "WelcomeApp" */;
			buildPhases = (
				BA6D93F12799CCD9006C95A1 /* Sources */,
				BA6D93F22799CCD9006C95A1 /* Frameworks */,
				BA6D93F32799CCD9006C95A1 /* Resources */,
			);
			buildRules = (
			);
			dependencies = (
			);
			name = WelcomeApp;
			productName = WelcomeApp;
			productReference = BA6D93F52799CCD9006C95A1 /* WelcomeApp.app */;
			productType = "com.apple.product-type.application";
		};
		BA6D940A2799CCDA006C95A1 /* WelcomeAppTests */ = {
			isa = PBXNativeTarget;
			buildConfigurationList = BA6D94222799CCDB006C95A1 /* Build configuration list for PBXNativeTarget "WelcomeAppTests" */;
			buildPhases = (
				BA6D94072799CCDA006C95A1 /* Sources */,
				BA6D94082799CCDA006C95A1 /* Frameworks */,
				BA6D94092799CCDA006C95A1 /* Resources */,
			);
			buildRules = (
			);
			dependencies = (
				BA6D940D2799CCDA006C95A1 /* PBXTargetDependency */,
			);
			name = WelcomeAppTests;
			productName = WelcomeAppTests;
			productReference = BA6D940B2799CCDA006C95A1 /* WelcomeAppTests.xctest */;
			productType = "com.apple.product-type.bundle.unit-test";
		};
		BA6D94142799CCDA006C95A1 /* WelcomeAppUITests */ = {
			isa = PBXNativeTarget;
			buildConfigurationList = BA6D94252799CCDB006C95A1 /* Build configuration list for PBXNativeTarget "WelcomeAppUITests" */;
			buildPhases = (
				BA6D94112799CCDA006C95A1 /* Sources */,
				BA6D94122799CCDA006C95A1 /* Frameworks */,
				BA6D94132799CCDA006C95A1 /* Resources */,
			);
			buildRules = (
			);
			dependencies = (
				BA6D94172799CCDA006C95A1 /* PBXTargetDependency */,
			);
			name = WelcomeAppUITests;
			productName = WelcomeAppUITests;
			productReference = BA6D94152799CCDA006C95A1 /* WelcomeAppUITests.xctest */;
			productType = "com.apple.product-type.bundle.ui-testing";
		};
/* End PBXNativeTarget section */

/* Begin PBXProject section */
		BA6D93ED2799CCD9006C95A1 /* Project object */ = {
			isa = PBXProject;
			attributes = {
				BuildIndependentTargetsInParallel = 1;
				LastSwiftUpdateCheck = 1320;
				LastUpgradeCheck = 1320;
				TargetAttributes = {
					BA6D93F42799CCD9006C95A1 = {
						CreatedOnToolsVersion = 13.2.1;
					};
					BA6D940A2799CCDA006C95A1 = {
						CreatedOnToolsVersion = 13.2.1;
						TestTargetID = BA6D93F42799CCD9006C95A1;
					};
					BA6D94142799CCDA006C95A1 = {
						CreatedOnToolsVersion = 13.2.1;
						TestTargetID = BA6D93F42799CCD9006C95A1;
					};
				};
			};
			buildConfigurationList = BA6D93F02799CCD9006C95A1 /* Build configuration list for PBXProject "WelcomeApp" */;
			compatibilityVersion = "Xcode 13.0";
			developmentRegion = en;
			hasScannedForEncodings = 0;
			knownRegions = (
				en,
				Base,
			);
			mainGroup = BA6D93EC2799CCD9006C95A1;
			productRefGroup = BA6D93F62799CCD9006C95A1 /* Products */;
			projectDirPath = "";
			projectRoot = "";
			targets = (
				BA6D93F42799CCD9006C95A1 /* WelcomeApp */,
				BA6D940A2799CCDA006C95A1 /* WelcomeAppTests */,
				BA6D94142799CCDA006C95A1 /* WelcomeAppUITests */,
			);
		};
/* End PBXProject section */

/* Begin PBXResourcesBuildPhase section */
		BA6D93F32799CCD9006C95A1 /* Resources */ = {
			isa = PBXResourcesBuildPhase;
			buildActionMask = 2147483647;
			files = (
				BA6D94052799CCDA006C95A1 /* LaunchScreen.storyboard in Resources */,
				BA6D94022799CCDA006C95A1 /* Assets.xcassets in Resources */,
				BA6D94002799CCD9006C95A1 /* Main.storyboard in Resources */,
			);
			runOnlyForDeploymentPostprocessing = 0;
		};
		BA6D94092799CCDA006C95A1 /* Resources */ = {
			isa = PBXResourcesBuildPhase;
			buildActionMask = 2147483647;
			files = (
			);
			runOnlyForDeploymentPostprocessing = 0;
		};
		BA6D94132799CCDA006C95A1 /* Resources */ = {
			isa = PBXResourcesBuildPhase;
			buildActionMask = 2147483647;
			files = (
			);
			runOnlyForDeploymentPostprocessing = 0;
		};
/* End PBXResourcesBuildPhase section */

/* Begin PBXSourcesBuildPhase section */
		BA6D93F12799CCD9006C95A1 /* Sources */ = {
			isa = PBXSourcesBuildPhase;
			buildActionMask = 2147483647;
			files = (
				BA6D93FD2799CCD9006C95A1 /* ViewController.swift in Sources */,
				BA6D93F92799CCD9006C95A1 /* AppDelegate.swift in Sources */,
				BA6D93FB2799CCD9006C95A1 /* SceneDelegate.swift in Sources */,
			);
			runOnlyForDeploymentPostprocessing = 0;
		};
		BA6D94072799CCDA006C95A1 /* Sources */ = {
			isa = PBXSourcesBuildPhase;
			buildActionMask = 2147483647;
			files = (
				BA6D94102799CCDA006C95A1 /* WelcomeAppTests.swift in Sources */,
			);
			runOnlyForDeploymentPostprocessing = 0;
		};
		BA6D94112799CCDA006C95A1 /* Sources */ = {
			isa = PBXSourcesBuildPhase;
			buildActionMask = 2147483647;
			files = (
				BA6D941A2799CCDA006C95A1 /* WelcomeAppUITests.swift in Sources */,
				BA6D941C2799CCDA006C95A1 /* WelcomeAppUITestsLaunchTests.swift in Sources */,
			);
			runOnlyForDeploymentPostprocessing = 0;
		};
/* End PBXSourcesBuildPhase section */

/* Begin PBXTargetDependency section */
		BA6D940D2799CCDA006C95A1 /* PBXTargetDependency */ = {
			isa = PBXTargetDependency;
			target = BA6D93F42799CCD9006C95A1 /* WelcomeApp */;
			targetProxy = BA6D940C2799CCDA006C95A1 /* PBXContainerItemProxy */;
		};
		BA6D94172799CCDA006C95A1 /* PBXTargetDependency */ = {
			isa = PBXTargetDependency;
			target = BA6D93F42799CCD9006C95A1 /* WelcomeApp */;
			targetProxy = BA6D94162799CCDA006C95A1 /* PBXContainerItemProxy */;
		};
/* End PBXTargetDependency section */

/* Begin PBXVariantGroup section */
		BA6D93FE2799CCD9006C95A1 /* Main.storyboard */ = {
			isa = PBXVariantGroup;
			children = (
				BA6D93FF2799CCD9006C95A1 /* Base */,
			);
			name = Main.storyboard;
			sourceTree = "<group>";
		};
		BA6D94032799CCDA006C95A1 /* LaunchScreen.storyboard */ = {
			isa = PBXVariantGroup;
			children = (
				BA6D94042799CCDA006C95A1 /* Base */,
			);
			name = LaunchScreen.storyboard;
			sourceTree = "<group>";
		};
/* End PBXVariantGroup section */

/* Begin XCBuildConfiguration section */
		BA6D941D2799CCDB006C95A1 /* Debug */ = {
			isa = XCBuildConfiguration;
			buildSettings = {
				ALWAYS_SEARCH_USER_PATHS = NO;
				CLANG_ANALYZER_NONNULL = YES;
				CLANG_ANALYZER_NUMBER_OBJECT_CONVERSION = YES_AGGRESSIVE;
				CLANG_CXX_LANGUAGE_STANDARD = "gnu++17";
				CLANG_CXX_LIBRARY = "libc++";
				CLANG_ENABLE_MODULES = YES;
				CLANG_ENABLE_OBJC_ARC = YES;
				CLANG_ENABLE_OBJC_WEAK = YES;
				CLANG_WARN_BLOCK_CAPTURE_AUTORELEASING = YES;
				CLANG_WARN_BOOL_CONVERSION = YES;
				CLANG_WARN_COMMA = YES;
				CLANG_WARN_CONSTANT_CONVERSION = YES;
				CLANG_WARN_DEPRECATED_OBJC_IMPLEMENTATIONS = YES;
				CLANG_WARN_DIRECT_OBJC_ISA_USAGE = YES_ERROR;
				CLANG_WARN_DOCUMENTATION_COMMENTS = YES;
				CLANG_WARN_EMPTY_BODY = YES;
				CLANG_WARN_ENUM_CONVERSION = YES;
				CLANG_WARN_INFINITE_RECURSION = YES;
				CLANG_WARN_INT_CONVERSION = YES;
				CLANG_WARN_NON_LITERAL_NULL_CONVERSION = YES;
				CLANG_WARN_OBJC_IMPLICIT_RETAIN_SELF = YES;
				CLANG_WARN_OBJC_LITERAL_CONVERSION = YES;
				CLANG_WARN_OBJC_ROOT_CLASS = YES_ERROR;
				CLANG_WARN_QUOTED_INCLUDE_IN_FRAMEWORK_HEADER = YES;
				CLANG_WARN_RANGE_LOOP_ANALYSIS = YES;
				CLANG_WARN_STRICT_PROTOTYPES = YES;
				CLANG_WARN_SUSPICIOUS_MOVE = YES;
				CLANG_WARN_UNGUARDED_AVAILABILITY = YES_AGGRESSIVE;
				CLANG_WARN_UNREACHABLE_CODE = YES;
				CLANG_WARN__DUPLICATE_METHOD_MATCH = YES;
				COPY_PHASE_STRIP = NO;
				DEBUG_INFORMATION_FORMAT = dwarf;
				ENABLE_STRICT_OBJC_MSGSEND = YES;
				ENABLE_TESTABILITY = YES;
				GCC_C_LANGUAGE_STANDARD = gnu11;
				GCC_DYNAMIC_NO_PIC = NO;
				GCC_NO_COMMON_BLOCKS = YES;
				GCC_OPTIMIZATION_LEVEL = 0;
				GCC_PREPROCESSOR_DEFINITIONS = (
					"DEBUG=1",
					"$(inherited)",
				);
				GCC_WARN_64_TO_32_BIT_CONVERSION = YES;
				GCC_WARN_ABOUT_RETURN_TYPE = YES_ERROR;
				GCC_WARN_UNDECLARED_SELECTOR = YES;
				GCC_WARN_UNINITIALIZED_AUTOS = YES_AGGRESSIVE;
				GCC_WARN_UNUSED_FUNCTION = YES;
				GCC_WARN_UNUSED_VARIABLE = YES;
				IPHONEOS_DEPLOYMENT_TARGET = 15.2;
				MTL_ENABLE_DEBUG_INFO = INCLUDE_SOURCE;
				MTL_FAST_MATH = YES;
				ONLY_ACTIVE_ARCH = YES;
				SDKROOT = iphoneos;
				SWIFT_ACTIVE_COMPILATION_CONDITIONS = DEBUG;
				SWIFT_OPTIMIZATION_LEVEL = "-Onone";
			};
			name = Debug;
		};
		BA6D941E2799CCDB006C95A1 /* Release */ = {
			isa = XCBuildConfiguration;
			buildSettings = {
				ALWAYS_SEARCH_USER_PATHS = NO;
				CLANG_ANALYZER_NONNULL = YES;
				CLANG_ANALYZER_NUMBER_OBJECT_CONVERSION = YES_AGGRESSIVE;
				CLANG_CXX_LANGUAGE_STANDARD = "gnu++17";
				CLANG_CXX_LIBRARY = "libc++";
				CLANG_ENABLE_MODULES = YES;
				CLANG_ENABLE_OBJC_ARC = YES;
				CLANG_ENABLE_OBJC_WEAK = YES;
				CLANG_WARN_BLOCK_CAPTURE_AUTORELEASING = YES;
				CLANG_WARN_BOOL_CONVERSION = YES;
				CLANG_WARN_COMMA = YES;
				CLANG_WARN_CONSTANT_CONVERSION = YES;
				CLANG_WARN_DEPRECATED_OBJC_IMPLEMENTATIONS = YES;
				CLANG_WARN_DIRECT_OBJC_ISA_USAGE = YES_ERROR;
				CLANG_WARN_DOCUMENTATION_COMMENTS = YES;
				CLANG_WARN_EMPTY_BODY = YES;
				CLANG_WARN_ENUM_CONVERSION = YES;
				CLANG_WARN_INFINITE_RECURSION = YES;
				CLANG_WARN_INT_CONVERSION = YES;
				CLANG_WARN_NON_LITERAL_NULL_CONVERSION = YES;
				CLANG_WARN_OBJC_IMPLICIT_RETAIN_SELF = YES;
				CLANG_WARN_OBJC_LITERAL_CONVERSION = YES;
				CLANG_WARN_OBJC_ROOT_CLASS = YES_ERROR;
				CLANG_WARN_QUOTED_INCLUDE_IN_FRAMEWORK_HEADER = YES;
				CLANG_WARN_RANGE_LOOP_ANALYSIS = YES;
				CLANG_WARN_STRICT_PROTOTYPES = YES;
				CLANG_WARN_SUSPICIOUS_MOVE = YES;
				CLANG_WARN_UNGUARDED_AVAILABILITY = YES_AGGRESSIVE;
				CLANG_WARN_UNREACHABLE_CODE = YES;
				CLANG_WARN__DUPLICATE_METHOD_MATCH = YES;
				COPY_PHASE_STRIP = NO;
				DEBUG_INFORMATION_FORMAT = "dwarf-with-dsym";
				ENABLE_NS_ASSERTIONS = NO;
				ENABLE_STRICT_OBJC_MSGSEND = YES;
				GCC_C_LANGUAGE_STANDARD = gnu11;
				GCC_NO_COMMON_BLOCKS = YES;
				GCC_WARN_64_TO_32_BIT_CONVERSION = YES;
				GCC_WARN_ABOUT_RETURN_TYPE = YES_ERROR;
				GCC_WARN_UNDECLARED_SELECTOR = YES;
				GCC_WARN_UNINITIALIZED_AUTOS = YES_AGGRESSIVE;
				GCC_WARN_UNUSED_FUNCTION = YES;
				GCC_WARN_UNUSED_VARIABLE = YES;
				IPHONEOS_DEPLOYMENT_TARGET = 15.2;
				MTL_ENABLE_DEBUG_INFO = NO;
				MTL_FAST_MATH = YES;
				SDKROOT = iphoneos;
				SWIFT_COMPILATION_MODE = wholemodule;
				SWIFT_OPTIMIZATION_LEVEL = "-O";
				VALIDATE_PRODUCT = YES;
			};
			name = Release;
		};
		BA6D94202799CCDB006C95A1 /* Debug */ = {
			isa = XCBuildConfiguration;
			buildSettings = {
				ASSETCATALOG_COMPILER_APPICON_NAME = AppIcon;
				ASSETCATALOG_COMPILER_GLOBAL_ACCENT_COLOR_NAME = AccentColor;
				CODE_SIGN_STYLE = Automatic;
				CURRENT_PROJECT_VERSION = 1;
				GENERATE_INFOPLIST_FILE = YES;
				INFOPLIST_FILE = WelcomeApp/Info.plist;
				INFOPLIST_KEY_CFBundleDisplayName = WelcomeApp;
				INFOPLIST_KEY_UIApplicationSupportsIndirectInputEvents = YES;
				INFOPLIST_KEY_UILaunchStoryboardName = LaunchScreen;
				INFOPLIST_KEY_UIMainStoryboardFile = Main;
				INFOPLIST_KEY_UISupportedInterfaceOrientations_iPad = "UIInterfaceOrientationPortrait UIInterfaceOrientationPortraitUpsideDown UIInterfaceOrientationLandscapeLeft UIInterfaceOrientationLandscapeRight";
				INFOPLIST_KEY_UISupportedInterfaceOrientations_iPhone = "UIInterfaceOrientationPortrait UIInterfaceOrientationLandscapeLeft UIInterfaceOrientationLandscapeRight";
				LD_RUNPATH_SEARCH_PATHS = (
					"$(inherited)",
					"@executable_path/Frameworks",
				);
				MARKETING_VERSION = 1.0;
				PRODUCT_BUNDLE_IDENTIFIER = "Northwest-Missouri.WelcomeApp";
				PRODUCT_NAME = "$(TARGET_NAME)";
				SWIFT_EMIT_LOC_STRINGS = YES;
				SWIFT_VERSION = 5.0;
				TARGETED_DEVICE_FAMILY = "1,2";
			};
			name = Debug;
		};
		BA6D94212799CCDB006C95A1 /* Release */ = {
			isa = XCBuildConfiguration;
			buildSettings = {
				ASSETCATALOG_COMPILER_APPICON_NAME = AppIcon;
				ASSETCATALOG_COMPILER_GLOBAL_ACCENT_COLOR_NAME = AccentColor;
				CODE_SIGN_STYLE = Automatic;
				CURRENT_PROJECT_VERSION = 1;
				GENERATE_INFOPLIST_FILE = YES;
				INFOPLIST_FILE = WelcomeApp/Info.plist;
				INFOPLIST_KEY_CFBundleDisplayName = WelcomeApp;
				INFOPLIST_KEY_UIApplicationSupportsIndirectInputEvents = YES;
				INFOPLIST_KEY_UILaunchStoryboardName = LaunchScreen;
				INFOPLIST_KEY_UIMainStoryboardFile = Main;
				INFOPLIST_KEY_UISupportedInterfaceOrientations_iPad = "UIInterfaceOrientationPortrait UIInterfaceOrientationPortraitUpsideDown UIInterfaceOrientationLandscapeLeft UIInterfaceOrientationLandscapeRight";
				INFOPLIST_KEY_UISupportedInterfaceOrientations_iPhone = "UIInterfaceOrientationPortrait UIInterfaceOrientationLandscapeLeft UIInterfaceOrientationLandscapeRight";
				LD_RUNPATH_SEARCH_PATHS = (
					"$(inherited)",
					"@executable_path/Frameworks",
				);
				MARKETING_VERSION = 1.0;
				PRODUCT_BUNDLE_IDENTIFIER = "Northwest-Missouri.WelcomeApp";
				PRODUCT_NAME = "$(TARGET_NAME)";
				SWIFT_EMIT_LOC_STRINGS = YES;
				SWIFT_VERSION = 5.0;
				TARGETED_DEVICE_FAMILY = "1,2";
			};
			name = Release;
		};
		BA6D94232799CCDB006C95A1 /* Debug */ = {
			isa = XCBuildConfiguration;
			buildSettings = {
				ALWAYS_EMBED_SWIFT_STANDARD_LIBRARIES = YES;
				BUNDLE_LOADER = "$(TEST_HOST)";
				CODE_SIGN_STYLE = Automatic;
				CURRENT_PROJECT_VERSION = 1;
				GENERATE_INFOPLIST_FILE = YES;
				IPHONEOS_DEPLOYMENT_TARGET = 15.2;
				MARKETING_VERSION = 1.0;
				PRODUCT_BUNDLE_IDENTIFIER = "Northwest-Missouri.WelcomeAppTests";
				PRODUCT_NAME = "$(TARGET_NAME)";
				SWIFT_EMIT_LOC_STRINGS = NO;
				SWIFT_VERSION = 5.0;
				TARGETED_DEVICE_FAMILY = "1,2";
				TEST_HOST = "$(BUILT_PRODUCTS_DIR)/WelcomeApp.app/WelcomeApp";
			};
			name = Debug;
		};
		BA6D94242799CCDB006C95A1 /* Release */ = {
			isa = XCBuildConfiguration;
			buildSettings = {
				ALWAYS_EMBED_SWIFT_STANDARD_LIBRARIES = YES;
				BUNDLE_LOADER = "$(TEST_HOST)";
				CODE_SIGN_STYLE = Automatic;
				CURRENT_PROJECT_VERSION = 1;
				GENERATE_INFOPLIST_FILE = YES;
				IPHONEOS_DEPLOYMENT_TARGET = 15.2;
				MARKETING_VERSION = 1.0;
				PRODUCT_BUNDLE_IDENTIFIER = "Northwest-Missouri.WelcomeAppTests";
				PRODUCT_NAME = "$(TARGET_NAME)";
				SWIFT_EMIT_LOC_STRINGS = NO;
				SWIFT_VERSION = 5.0;
				TARGETED_DEVICE_FAMILY = "1,2";
				TEST_HOST = "$(BUILT_PRODUCTS_DIR)/WelcomeApp.app/WelcomeApp";
			};
			name = Release;
		};
		BA6D94262799CCDB006C95A1 /* Debug */ = {
			isa = XCBuildConfiguration;
			buildSettings = {
				ALWAYS_EMBED_SWIFT_STANDARD_LIBRARIES = YES;
				CODE_SIGN_STYLE = Automatic;
				CURRENT_PROJECT_VERSION = 1;
				GENERATE_INFOPLIST_FILE = YES;
				MARKETING_VERSION = 1.0;
				PRODUCT_BUNDLE_IDENTIFIER = "Northwest-Missouri.WelcomeAppUITests";
				PRODUCT_NAME = "$(TARGET_NAME)";
				SWIFT_EMIT_LOC_STRINGS = NO;
				SWIFT_VERSION = 5.0;
				TARGETED_DEVICE_FAMILY = "1,2";
				TEST_TARGET_NAME = WelcomeApp;
			};
			name = Debug;
		};
		BA6D94272799CCDB006C95A1 /* Release */ = {
			isa = XCBuildConfiguration;
			buildSettings = {
				ALWAYS_EMBED_SWIFT_STANDARD_LIBRARIES = YES;
				CODE_SIGN_STYLE = Automatic;
				CURRENT_PROJECT_VERSION = 1;
				GENERATE_INFOPLIST_FILE = YES;
				MARKETING_VERSION = 1.0;
				PRODUCT_BUNDLE_IDENTIFIER = "Northwest-Missouri.WelcomeAppUITests";
				PRODUCT_NAME = "$(TARGET_NAME)";
				SWIFT_EMIT_LOC_STRINGS = NO;
				SWIFT_VERSION = 5.0;
				TARGETED_DEVICE_FAMILY = "1,2";
				TEST_TARGET_NAME = WelcomeApp;
			};
			name = Release;
		};
/* End XCBuildConfiguration section */

/* Begin XCConfigurationList section */
		BA6D93F02799CCD9006C95A1 /* Build configuration list for PBXProject "WelcomeApp" */ = {
			isa = XCConfigurationList;
			buildConfigurations = (
				BA6D941D2799CCDB006C95A1 /* Debug */,
				BA6D941E2799CCDB006C95A1 /* Release */,
			);
			defaultConfigurationIsVisible = 0;
			defaultConfigurationName = Release;
		};
		BA6D941F2799CCDB006C95A1 /* Build configuration list for PBXNativeTarget "WelcomeApp" */ = {
			isa = XCConfigurationList;
			buildConfigurations = (
				BA6D94202799CCDB006C95A1 /* Debug */,
				BA6D94212799CCDB006C95A1 /* Release */,
			);
			defaultConfigurationIsVisible = 0;
			defaultConfigurationName = Release;
		};
		BA6D94222799CCDB006C95A1 /* Build configuration list for PBXNativeTarget "WelcomeAppTests" */ = {
			isa = XCConfigurationList;
			buildConfigurations = (
				BA6D94232799CCDB006C95A1 /* Debug */,
				BA6D94242799CCDB006C95A1 /* Release */,
			);
			defaultConfigurationIsVisible = 0;
			defaultConfigurationName = Release;
		};
		BA6D94252799CCDB006C95A1 /* Build configuration list for PBXNativeTarget "WelcomeAppUITests" */ = {
			isa = XCConfigurationList;
			buildConfigurations = (
				BA6D94262799CCDB006C95A1 /* Debug */,
				BA6D94272799CCDB006C95A1 /* Release */,
			);
			defaultConfigurationIsVisible = 0;
			defaultConfigurationName = Release;
		};
/* End XCConfigurationList section */
	};
	rootObject = BA6D93ED2799CCD9006C95A1 /* Project object */;
}
